
Microsoft Visual Studio Solution File, Format Version 12.00
# Visual Studio Version 16
VisualStudioVersion = 16.0.31410.357
MinimumVisualStudioVersion = 10.0.40219.1
Project("{FAE04EC0-301F-11D3-BF4B-00C04F79EFBC}") = "AzurePipelineDemo", "AzurePipelineDemo\AzurePipelineDemo.csproj", "{283485A2-6D87-4DCD-ADE3-31654943137A}"
EndProject
Global
	GlobalSection(SolutionConfigurationPlatforms) = preSolution
		Debug|Any CPU = Debug|Any CPU
		Release|Any CPU = Release|Any CPU
	EndGlobalSection
	GlobalSection(ProjectConfigurationPlatforms) = postSolution
		{283485A2-6D87-4DCD-ADE3-31654943137A}.Debug|Any CPU.ActiveCfg = Debug|Any CPU
		{283485A2-6D87-4DCD-ADE3-31654943137A}.Debug|Any CPU.Build.0 = Debug|Any CPU
		{283485A2-6D87-4DCD-ADE3-31654943137A}.Release|Any CPU.ActiveCfg = Release|Any CPU
		{283485A2-6D87-4DCD-ADE3-31654943137A}.Release|Any CPU.Build.0 = Release|Any CPU
	EndGlobalSection
	GlobalSection(SolutionProperties) = preSolution
		HideSolutionNode = FALSE
	EndGlobalSection
	GlobalSection(ExtensibilityGlobals) = postSolution
		SolutionGuid = {9F6189BC-DECD-4B2A-8781-6EDA9869DE1C}
	EndGlobalSection
EndGlobal
